
Microsoft Visual Studio Solution File, Format Version 12.00
# Visual Studio 14
VisualStudioVersion = 14.0.24720.0
MinimumVisualStudioVersion = 10.0.40219.1
Project("{F2A71F9B-5D33-465A-A702-920D77279786}") = "IRC", "IRC\IRC.fsproj", "{3FF82AF9-6B2E-4C3D-9CF5-8B3A6A59F840}"
EndProject
Global
	GlobalSection(SolutionConfigurationPlatforms) = preSolution
		Debug|Any CPU = Debug|Any CPU
		Release|Any CPU = Release|Any CPU
	EndGlobalSection
	GlobalSection(ProjectConfigurationPlatforms) = postSolution
		{3FF82AF9-6B2E-4C3D-9CF5-8B3A6A59F840}.Debug|Any CPU.ActiveCfg = Debug|Any CPU
		{3FF82AF9-6B2E-4C3D-9CF5-8B3A6A59F840}.Debug|Any CPU.Build.0 = Debug|Any CPU
		{3FF82AF9-6B2E-4C3D-9CF5-8B3A6A59F840}.Release|Any CPU.ActiveCfg = Release|Any CPU
		{3FF82AF9-6B2E-4C3D-9CF5-8B3A6A59F840}.Release|Any CPU.Build.0 = Release|Any CPU
	EndGlobalSection
	GlobalSection(SolutionProperties) = preSolution
		HideSolutionNode = FALSE
	EndGlobalSection
EndGlobal
